# This file is automatically @generated by Cargo.
# It is not intended for manual editing.
version = 4

[[package]]
name = "cc"
version = "1.4.0"
source = "registry+https://github.com/rust-lang/crates.io-index"
checksum = "5add81bb678e6cb321aff7fa0dc7689ad82b112dbc032cea19f91d6b8e3582b9"
dependencies = [
 "find-msvc-tools",
 "shlex",
]

[[package]]
name = "cfg-if"
version = "1.0.4"
source = "registry+https://github.com/rust-lang/crates.io-index"
checksum = "9330f8b2ff13f34540b44e946ef35111825727b38d33286ef986142615121801"

[[package]]
name = "find-msvc-tools"
version = "0.1.9"
source = "registry+https://github.com/rust-lang/crates.io-index"
checksum = "5baebc0774151f905a1a2cc41989300b1e6fbb29aff0ceffa1064fdd3088d582"

[[package]]
name = "libc"
version = "0.2.189"
source = "registry+https://github.com/rust-lang/crates.io-index"
checksum = "3eaf3ede3fee6db1a4c2ee091bf8a8b4dccdc6d17f656fb07896ee72867612f2"

[[package]]
name = "libffi"
version = "4.1.2"
source = "registry+https://github.com/rust-lang/crates.io-index"
checksum = "b0feebbe0ccd382a2790f78d380540500d7b78ed7a3498b68fcfbc1593749a94"
dependencies = [
 "libc",
 "libffi-sys",
]

[[package]]
name = "libffi-sys"
version = "3.3.3"
source = "registry+https://github.com/rust-lang/crates.io-index"
checksum = "90c6c6e17136d4bc439d43a2f3c6ccf0731cccc016d897473a29791d3c2160c3"
dependencies = [
 "cc",
]

[[package]]
name = "libloading"
version = "0.8.9"
source = "registry+https://github.com/rust-lang/crates.io-index"
checksum = "d7c4b02199fee7c5d21a5ae7d8cfa79a6ef5bb2fc834d6e9058e89c825efdc55"
dependencies = [
 "cfg-if",
 "windows-link",
]

[[package]]
name = "plum-codegen"
version = "0.1.0"
dependencies = [
 "plum-ir",
]

[[package]]
name = "plum-interp"
version = "0.1.0"
dependencies = [
 "libffi",
 "libloading",
 "plum-ir",
 "plum-syntax",
]

[[package]]
name = "plum-ir"
version = "0.1.0"
dependencies = [
 "plum-syntax",
 "plum-types",
]

[[package]]
name = "plum-syntax"
version = "0.1.0"

[[package]]
name = "plum-types"
version = "0.1.0"
dependencies = [
 "plum-syntax",
]

[[package]]
name = "plumc"
version = "0.1.0"
dependencies = [
 "plum-codegen",
 "plum-interp",
 "plum-ir",
 "plum-syntax",
 "plum-types",
]

[[package]]
name = "shlex"
version = "2.0.1"
source = "registry+https://github.com/rust-lang/crates.io-index"
checksum = "f8fadd59c855ef2080decdef8ff161eb6661b86933c9d82e5ba29dc602a55aba"

[[package]]
name = "windows-link"
version = "0.2.1"
source = "registry+https://github.com/rust-lang/crates.io-index"
checksum = "f0805222e57f7521d6a62e36fa9163bc891acd422f971defe97d64e70d0a4fe5"
