# This file is automatically @generated by Cargo.
# It is not intended for manual editing.
version = 4

[[package]]
name = "plum-interp"
version = "0.1.0"
dependencies = [
 "plum-ir",
 "plum-syntax",
]

[[package]]
name = "plum-ir"
version = "0.1.0"
dependencies = [
 "plum-syntax",
]

[[package]]
name = "plum-syntax"
version = "0.1.0"

[[package]]
name = "plum-types"
version = "0.1.0"
dependencies = [
 "plum-syntax",
]

[[package]]
name = "plumc"
version = "0.1.0"
dependencies = [
 "plum-interp",
 "plum-ir",
 "plum-syntax",
 "plum-types",
]
